{
  "nodes": {
    "home-manager": {
      "inputs": {
        "nixpkgs": [
          "nixpkgs"
        ]
      },
      "locked": {
        "lastModified": 1656169755,
        "narHash": "sha256-Nlnm4jeQWEGjYrE6hxi/7HYHjBSZ/E0RtjCYifnNsWk=",
        "owner": "nix-community",
        "repo": "home-manager",
        "rev": "4a3d01fb53f52ac83194081272795aa4612c2381",
        "type": "github"
      },
      "original": {
        "owner": "nix-community",
        "ref": "release-22.05",
        "repo": "home-manager",
        "type": "github"
      }
    },
    "master-nixpkgs": {
      "locked": {
        "lastModified": 1667734968,
        "narHash": "sha256-tLYfVg3WzeOA+sVDfwA6/8q7/Mlg/wpCF6ldRGwk+Xw=",
        "owner": "NixOS",
        "repo": "nixpkgs",
        "rev": "91d7b27cfb5c21256986af2f41d6b5d0b6c0f2f8",
        "type": "github"
      },
      "original": {
        "owner": "NixOS",
        "ref": "master",
        "repo": "nixpkgs",
        "type": "github"
      }
    },
    "nixpkgs": {
      "locked": {
        "lastModified": 1668766498,
        "narHash": "sha256-UjZlIrbHGlL3H3HZNPTxPSwJfr49jIfbPWCYxk0EQm4=",
        "owner": "NixOS",
        "repo": "nixpkgs",
        "rev": "f42a45c015f28ac3beeb0df360e50cdbf495d44b",
        "type": "github"
      },
      "original": {
        "owner": "NixOS",
        "ref": "nixos-22.05",
        "repo": "nixpkgs",
        "type": "github"
      }
    },
    "root": {
      "inputs": {
        "home-manager": "home-manager",
        "master-nixpkgs": "master-nixpkgs",
        "nixpkgs": "nixpkgs"
      }
    }
  },
  "root": "root",
  "version": 7
}
