{
  "nodes": {
    "home-manager": {
      "inputs": {
        "nixpkgs": [
          "nixpkgs"
        ]
      },
      "locked": {
        "lastModified": 1656169755,
        "narHash": "sha256-Nlnm4jeQWEGjYrE6hxi/7HYHjBSZ/E0RtjCYifnNsWk=",
        "owner": "nix-community",
        "repo": "home-manager",
        "rev": "4a3d01fb53f52ac83194081272795aa4612c2381",
        "type": "github"
      },
      "original": {
        "owner": "nix-community",
        "ref": "release-22.05",
        "repo": "home-manager",
        "type": "github"
      }
    },
    "master-nixpkgs": {
      "locked": {
        "lastModified": 1667734968,
        "narHash": "sha256-tLYfVg3WzeOA+sVDfwA6/8q7/Mlg/wpCF6ldRGwk+Xw=",
        "owner": "NixOS",
        "repo": "nixpkgs",
        "rev": "91d7b27cfb5c21256986af2f41d6b5d0b6c0f2f8",
        "type": "github"
      },
      "original": {
        "owner": "NixOS",
        "ref": "master",
        "repo": "nixpkgs",
        "type": "github"
      }
    },
    "nixpkgs": {
      "locked": {
        "lastModified": 1668908668,
        "narHash": "sha256-oimCE4rY7Btuo/VYmA8khIyTHSMV7qUWTpz9w8yc9LQ=",
        "owner": "NixOS",
        "repo": "nixpkgs",
        "rev": "b68a6a27adb452879ab66c0eaac0c133e32823b2",
        "type": "github"
      },
      "original": {
        "owner": "NixOS",
        "ref": "nixos-22.05",
        "repo": "nixpkgs",
        "type": "github"
      }
    },
    "root": {
      "inputs": {
        "home-manager": "home-manager",
        "master-nixpkgs": "master-nixpkgs",
        "nixpkgs": "nixpkgs"
      }
    }
  },
  "root": "root",
  "version": 7
}
